
Microsoft Visual Studio Solution File, Format Version 12.00
Project("{FAE04EC0-301F-11D3-BF4B-00C04F79EFBC}") = "Faker", "Faker\Faker.csproj", "{843C9A6D-A4F9-44A0-8F04-D1116D5C7DBA}"
EndProject
Project("{FAE04EC0-301F-11D3-BF4B-00C04F79EFBC}") = "ConsoleApplication", "ConsoleApplication\ConsoleApplication.csproj", "{81C9F7DB-464E-4280-928F-93D4F6D50280}"
EndProject
Project("{FAE04EC0-301F-11D3-BF4B-00C04F79EFBC}") = "DateTimePlugin", "DateTimePlugin\DateTimePlugin.csproj", "{97DCD106-DF51-4FE3-A719-EE38A7586068}"
EndProject
Project("{FAE04EC0-301F-11D3-BF4B-00C04F79EFBC}") = "ListPlugin", "ListPlugin\ListPlugin.csproj", "{F7AFAD32-FCEB-40B7-A0DC-D68D7914F51E}"
EndProject
Project("{FAE04EC0-301F-11D3-BF4B-00C04F79EFBC}") = "TestFaker", "TestFaker\TestFaker.csproj", "{88FCB895-C29E-40A9-81D6-DFEC0EAF60EC}"
EndProject
Global
	GlobalSection(SolutionConfigurationPlatforms) = preSolution
		Debug|Any CPU = Debug|Any CPU
		Release|Any CPU = Release|Any CPU
	EndGlobalSection
	GlobalSection(ProjectConfigurationPlatforms) = postSolution
		{843C9A6D-A4F9-44A0-8F04-D1116D5C7DBA}.Debug|Any CPU.ActiveCfg = Debug|Any CPU
		{843C9A6D-A4F9-44A0-8F04-D1116D5C7DBA}.Debug|Any CPU.Build.0 = Debug|Any CPU
		{843C9A6D-A4F9-44A0-8F04-D1116D5C7DBA}.Release|Any CPU.ActiveCfg = Release|Any CPU
		{843C9A6D-A4F9-44A0-8F04-D1116D5C7DBA}.Release|Any CPU.Build.0 = Release|Any CPU
		{81C9F7DB-464E-4280-928F-93D4F6D50280}.Debug|Any CPU.ActiveCfg = Debug|Any CPU
		{81C9F7DB-464E-4280-928F-93D4F6D50280}.Debug|Any CPU.Build.0 = Debug|Any CPU
		{81C9F7DB-464E-4280-928F-93D4F6D50280}.Release|Any CPU.ActiveCfg = Release|Any CPU
		{81C9F7DB-464E-4280-928F-93D4F6D50280}.Release|Any CPU.Build.0 = Release|Any CPU
		{97DCD106-DF51-4FE3-A719-EE38A7586068}.Debug|Any CPU.ActiveCfg = Debug|Any CPU
		{97DCD106-DF51-4FE3-A719-EE38A7586068}.Debug|Any CPU.Build.0 = Debug|Any CPU
		{97DCD106-DF51-4FE3-A719-EE38A7586068}.Release|Any CPU.ActiveCfg = Release|Any CPU
		{97DCD106-DF51-4FE3-A719-EE38A7586068}.Release|Any CPU.Build.0 = Release|Any CPU
		{F7AFAD32-FCEB-40B7-A0DC-D68D7914F51E}.Debug|Any CPU.ActiveCfg = Debug|Any CPU
		{F7AFAD32-FCEB-40B7-A0DC-D68D7914F51E}.Debug|Any CPU.Build.0 = Debug|Any CPU
		{F7AFAD32-FCEB-40B7-A0DC-D68D7914F51E}.Release|Any CPU.ActiveCfg = Release|Any CPU
		{F7AFAD32-FCEB-40B7-A0DC-D68D7914F51E}.Release|Any CPU.Build.0 = Release|Any CPU
		{88FCB895-C29E-40A9-81D6-DFEC0EAF60EC}.Debug|Any CPU.ActiveCfg = Debug|Any CPU
		{88FCB895-C29E-40A9-81D6-DFEC0EAF60EC}.Debug|Any CPU.Build.0 = Debug|Any CPU
		{88FCB895-C29E-40A9-81D6-DFEC0EAF60EC}.Release|Any CPU.ActiveCfg = Release|Any CPU
		{88FCB895-C29E-40A9-81D6-DFEC0EAF60EC}.Release|Any CPU.Build.0 = Release|Any CPU
	EndGlobalSection
EndGlobal
